{
  "name": "gutenberg-i18n-block",
  "version": "0.1.0",
  "lockfileVersion": 1,
  "requires": true,
  "dependencies": {
    "@wordpress/i18n": {
      "version": "1.1.0",
      "resolved": "https://registry.npmjs.org/@wordpress/i18n/-/i18n-1.1.0.tgz",
      "integrity": "sha512-zzpyhSaVOv5iLIwkJ4nrPt7FO+50xHlGDSJljfGdS+ypvFAnEHpCkkJ84F3NhHaYIIZqMEn5lC4k1edIaIqAbA==",
      "dev": true,
      "requires": {
        "gettext-parser": "^1.3.1",
        "jed": "^1.1.1",
        "lodash": "^4.17.5",
        "memize": "^1.0.5"
      }
    },
    "encoding": {
      "version": "0.1.12",
      "resolved": "https://registry.npmjs.org/encoding/-/encoding-0.1.12.tgz",
      "integrity": "sha1-U4tm8+5izRq1HsMjgp0flIDHS+s=",
      "dev": true,
      "requires": {
        "iconv-lite": "~0.4.13"
      }
    },
    "gettext-parser": {
      "version": "1.3.1",
      "resolved": "https://registry.npmjs.org/gettext-parser/-/gettext-parser-1.3.1.tgz",
      "integrity": "sha512-W4t55eB/c7WrH0gbCHFiHuaEnJ1WiPJVnbFFiNEoh2QkOmuSLxs0PmJDGAmCQuTJCU740Fmb6D+2D/2xECWZGQ==",
      "dev": true,
      "requires": {
        "encoding": "^0.1.12",
        "safe-buffer": "^5.1.1"
      }
    },
    "iconv-lite": {
      "version": "0.4.21",
      "resolved": "https://registry.npmjs.org/iconv-lite/-/iconv-lite-0.4.21.tgz",
      "integrity": "sha512-En5V9za5mBt2oUA03WGD3TwDv0MKAruqsuxstbMUZaj9W9k/m1CV/9py3l0L5kw9Bln8fdHQmzHSYtvpvTLpKw==",
      "dev": true,
      "requires": {
        "safer-buffer": "^2.1.0"
      }
    },
    "jed": {
      "version": "1.1.1",
      "resolved": "https://registry.npmjs.org/jed/-/jed-1.1.1.tgz",
      "integrity": "sha1-elSbvZ/+FYWwzQoZHiAwVb7ldLQ=",
      "dev": true
    },
    "lodash": {
      "version": "4.17.5",
      "resolved": "https://registry.npmjs.org/lodash/-/lodash-4.17.5.tgz",
      "integrity": "sha512-svL3uiZf1RwhH+cWrfZn3A4+U58wbP0tGVTLQPbjplZxZ8ROD9VLuNgsRniTlLe7OlSqR79RUehXgpBW/s0IQw==",
      "dev": true
    },
    "memize": {
      "version": "1.0.5",
      "resolved": "https://registry.npmjs.org/memize/-/memize-1.0.5.tgz",
      "integrity": "sha512-Dm8Jhb5kiC4+ynYsVR4QDXKt+o2dfqGuY4hE2x+XlXZkdndlT80bJxfcMv5QGp/FCy6MhG7f5ElpmKPFKOSEpg==",
      "dev": true
    },
    "safe-buffer": {
      "version": "5.1.1",
      "resolved": "https://registry.npmjs.org/safe-buffer/-/safe-buffer-5.1.1.tgz",
      "integrity": "sha512-kKvNJn6Mm93gAczWVJg7wH+wGYWNrDHdWvpUmHyEsgCtIwwo3bqPtV4tR5tuPaUhTOo/kvhVwd8XwwOllGYkbg==",
      "dev": true
    },
    "safer-buffer": {
      "version": "2.1.2",
      "resolved": "https://registry.npmjs.org/safer-buffer/-/safer-buffer-2.1.2.tgz",
      "integrity": "sha512-YZo3K82SD7Riyi0E1EQPojLz7kpepnSQI9IyPbHHg1XXXevb5dJI7tpyN2ADxGcQbHG7vcyRHk0cbwqcQriUtg==",
      "dev": true
    }
  }
}
